
Microsoft Visual Studio Solution File, Format Version 12.00
# Visual Studio Version 17
VisualStudioVersion = 17.4.33122.133
MinimumVisualStudioVersion = 10.0.40219.1
Project("{FAE04EC0-301F-11D3-BF4B-00C04F79EFBC}") = "ProjektNr2_Piwowarski62024", "ProjektNr2_Piwowarski62024.csproj", "{853747F9-A988-4CAF-838F-E480966CE501}"
EndProject
Global
	GlobalSection(SolutionConfigurationPlatforms) = preSolution
		Debug|Any CPU = Debug|Any CPU
		Release|Any CPU = Release|Any CPU
	EndGlobalSection
	GlobalSection(ProjectConfigurationPlatforms) = postSolution
		{853747F9-A988-4CAF-838F-E480966CE501}.Debug|Any CPU.ActiveCfg = Debug|Any CPU
		{853747F9-A988-4CAF-838F-E480966CE501}.Debug|Any CPU.Build.0 = Debug|Any CPU
		{853747F9-A988-4CAF-838F-E480966CE501}.Release|Any CPU.ActiveCfg = Release|Any CPU
		{853747F9-A988-4CAF-838F-E480966CE501}.Release|Any CPU.Build.0 = Release|Any CPU
	EndGlobalSection
	GlobalSection(SolutionProperties) = preSolution
		HideSolutionNode = FALSE
	EndGlobalSection
	GlobalSection(ExtensibilityGlobals) = postSolution
		SolutionGuid = {43C81483-E02A-4CA9-BF22-FC30372E0BE8}
	EndGlobalSection
EndGlobal
